# Generated by rocketc. Commit this file.
lock-version = "1"
root = "phase16_app"
root-version = "1.6.0"
root-dependencies = "local_text@0.4.0;math@1.2.0"

[[package]]
name = "local_text"
version = "0.4.0"
source = "path:../local_text"
checksum = "sha256:2254b90873afba00485a8f07f0896cae760cd369be5c10d9d2943f750cffdf3a"
license = "MIT"
dependencies = ""

[[package]]
name = "math"
version = "1.2.0"
source = "registry:../registry/math"
checksum = "sha256:300102650ed955107fc92e982a9e6cb7c7d598c9233b99f1d2dd0fee4999d2f0"
license = "MIT"
dependencies = "utility@1.0.0"

[[package]]
name = "utility"
version = "1.0.0"
source = "registry:../registry/utility"
checksum = "sha256:6bfa51d478b698af72dfd2ee1dd308a2e7deeaae604642cb798c13f5a32da0da"
license = "Apache-2.0"
dependencies = ""
